
Microsoft Visual Studio Solution File, Format Version 12.00
Project("{FAE04EC0-301F-11D3-BF4B-00C04F79EFBC}") = "aoc2019_cs_day1_2", "aoc2019_cs_day1_2\aoc2019_cs_day1_2.csproj", "{DD16EF18-599D-4EFC-AC6A-E82755401928}"
EndProject
Global
	GlobalSection(SolutionConfigurationPlatforms) = preSolution
		Debug|Any CPU = Debug|Any CPU
		Release|Any CPU = Release|Any CPU
	EndGlobalSection
	GlobalSection(ProjectConfigurationPlatforms) = postSolution
		{DD16EF18-599D-4EFC-AC6A-E82755401928}.Debug|Any CPU.ActiveCfg = Debug|Any CPU
		{DD16EF18-599D-4EFC-AC6A-E82755401928}.Debug|Any CPU.Build.0 = Debug|Any CPU
		{DD16EF18-599D-4EFC-AC6A-E82755401928}.Release|Any CPU.ActiveCfg = Release|Any CPU
		{DD16EF18-599D-4EFC-AC6A-E82755401928}.Release|Any CPU.Build.0 = Release|Any CPU
	EndGlobalSection
EndGlobal
